
Microsoft Visual Studio Solution File, Format Version 12.00
# Visual Studio Version 17
VisualStudioVersion = 17.10.35201.131
MinimumVisualStudioVersion = 10.0.40219.1
Project("{9A19103F-16F7-4668-BE54-9A1E7A4F7556}") = "PP.NORE.Builder", "PP.NORE.Builder\PP.NORE.Builder.csproj", "{84178EFE-9FA0-429D-B004-EF824B64BCAE}"
EndProject
Project("{9A19103F-16F7-4668-BE54-9A1E7A4F7556}") = "PP.NORE.Shared", "PP.NORE.Shared\PP.NORE.Shared.csproj", "{A668EF27-34FE-450E-8C2A-708A73F4EB62}"
EndProject
Project("{9A19103F-16F7-4668-BE54-9A1E7A4F7556}") = "PP.NORE.RatingEngine", "PP.NORE.RatingEngine\PP.NORE.RatingEngine.csproj", "{BB175878-5EA0-43C6-82F7-2712ED3668B9}"
EndProject
Project("{9A19103F-16F7-4668-BE54-9A1E7A4F7556}") = "PP.NORE.API", "PP.NORE.API\PP.NORE.API.csproj", "{47E7C9EB-060C-467D-A283-2E18BE7888AB}"
EndProject
Project("{9A19103F-16F7-4668-BE54-9A1E7A4F7556}") = "PP.NORE.AppHost", "PP.NORE.AppHost\PP.NORE.AppHost.csproj", "{19A31F23-ACB3-459D-A30D-12217008BDE4}"
EndProject
Project("{9A19103F-16F7-4668-BE54-9A1E7A4F7556}") = "PP.NORE.ServiceDefaults", "PP.NORE.ServiceDefaults\PP.NORE.ServiceDefaults.csproj", "{744B16D3-DAC4-4D47-8B14-E8649046D63D}"
EndProject
Project("{2150E333-8FDC-42A3-9474-1A3956D46DE8}") = "Web", "Web", "{EC91C605-2D9E-4B21-B8C4-697D5DD67558}"
EndProject
Project("{2150E333-8FDC-42A3-9474-1A3956D46DE8}") = "Core", "Core", "{5ED276C4-EEE7-4D39-BE95-E66AE9883697}"
EndProject
Project("{2150E333-8FDC-42A3-9474-1A3956D46DE8}") = "Api", "Api", "{B0DCE288-08FB-4E65-9C03-A30F2509C174}"
EndProject
Project("{2150E333-8FDC-42A3-9474-1A3956D46DE8}") = "Admin", "Admin", "{BD864C1D-7140-4456-A749-765456BBB29C}"
EndProject
Project("{9A19103F-16F7-4668-BE54-9A1E7A4F7556}") = "PP.NORE.Portal.Module", "PP.NORE.Portal.Module\PP.NORE.Portal.Module.csproj", "{C61F316F-F7B1-4CFA-8D28-D4934819EDB4}"
EndProject
Project("{9A19103F-16F7-4668-BE54-9A1E7A4F7556}") = "PP.NORE.Portal.WebApi", "PP.NORE.Portal.WebApi\PP.NORE.Portal.WebApi.csproj", "{F53396DE-C114-4145-B18D-6657870EEBBF}"
EndProject
Project("{9A19103F-16F7-4668-BE54-9A1E7A4F7556}") = "PP.NORE.Portal.Blazor.Server", "PP.NORE.Portal.Blazor.Server\PP.NORE.Portal.Blazor.Server.csproj", "{AAC14DA2-5446-44AB-AF53-E9FC09A8DA7C}"
EndProject
Project("{9A19103F-16F7-4668-BE54-9A1E7A4F7556}") = "PP.NORE.Portal.E2E.Tests", "PP.NORE.Portal.E2E.Tests\PP.NORE.Portal.E2E.Tests.csproj", "{7E0212DE-7D9F-4E9C-8CF5-0B7085A4E387}"
EndProject
Global
	GlobalSection(SolutionConfigurationPlatforms) = preSolution
		Debug|Any CPU = Debug|Any CPU
		EasyTest|Any CPU = EasyTest|Any CPU
		Release|Any CPU = Release|Any CPU
	EndGlobalSection
	GlobalSection(ProjectConfigurationPlatforms) = postSolution
		{84178EFE-9FA0-429D-B004-EF824B64BCAE}.Debug|Any CPU.ActiveCfg = Debug|Any CPU
		{84178EFE-9FA0-429D-B004-EF824B64BCAE}.Debug|Any CPU.Build.0 = Debug|Any CPU
		{84178EFE-9FA0-429D-B004-EF824B64BCAE}.EasyTest|Any CPU.ActiveCfg = Release|Any CPU
		{84178EFE-9FA0-429D-B004-EF824B64BCAE}.EasyTest|Any CPU.Build.0 = Release|Any CPU
		{84178EFE-9FA0-429D-B004-EF824B64BCAE}.Release|Any CPU.ActiveCfg = Release|Any CPU
		{84178EFE-9FA0-429D-B004-EF824B64BCAE}.Release|Any CPU.Build.0 = Release|Any CPU
		{A668EF27-34FE-450E-8C2A-708A73F4EB62}.Debug|Any CPU.ActiveCfg = Debug|Any CPU
		{A668EF27-34FE-450E-8C2A-708A73F4EB62}.Debug|Any CPU.Build.0 = Debug|Any CPU
		{A668EF27-34FE-450E-8C2A-708A73F4EB62}.EasyTest|Any CPU.ActiveCfg = Release|Any CPU
		{A668EF27-34FE-450E-8C2A-708A73F4EB62}.EasyTest|Any CPU.Build.0 = Release|Any CPU
		{A668EF27-34FE-450E-8C2A-708A73F4EB62}.Release|Any CPU.ActiveCfg = Release|Any CPU
		{A668EF27-34FE-450E-8C2A-708A73F4EB62}.Release|Any CPU.Build.0 = Release|Any CPU
		{BB175878-5EA0-43C6-82F7-2712ED3668B9}.Debug|Any CPU.ActiveCfg = Debug|Any CPU
		{BB175878-5EA0-43C6-82F7-2712ED3668B9}.Debug|Any CPU.Build.0 = Debug|Any CPU
		{BB175878-5EA0-43C6-82F7-2712ED3668B9}.EasyTest|Any CPU.ActiveCfg = Release|Any CPU
		{BB175878-5EA0-43C6-82F7-2712ED3668B9}.EasyTest|Any CPU.Build.0 = Release|Any CPU
		{BB175878-5EA0-43C6-82F7-2712ED3668B9}.Release|Any CPU.ActiveCfg = Release|Any CPU
		{BB175878-5EA0-43C6-82F7-2712ED3668B9}.Release|Any CPU.Build.0 = Release|Any CPU
		{47E7C9EB-060C-467D-A283-2E18BE7888AB}.Debug|Any CPU.ActiveCfg = Debug|Any CPU
		{47E7C9EB-060C-467D-A283-2E18BE7888AB}.Debug|Any CPU.Build.0 = Debug|Any CPU
		{47E7C9EB-060C-467D-A283-2E18BE7888AB}.EasyTest|Any CPU.ActiveCfg = Release|Any CPU
		{47E7C9EB-060C-467D-A283-2E18BE7888AB}.EasyTest|Any CPU.Build.0 = Release|Any CPU
		{47E7C9EB-060C-467D-A283-2E18BE7888AB}.Release|Any CPU.ActiveCfg = Release|Any CPU
		{47E7C9EB-060C-467D-A283-2E18BE7888AB}.Release|Any CPU.Build.0 = Release|Any CPU
		{19A31F23-ACB3-459D-A30D-12217008BDE4}.Debug|Any CPU.ActiveCfg = Debug|Any CPU
		{19A31F23-ACB3-459D-A30D-12217008BDE4}.Debug|Any CPU.Build.0 = Debug|Any CPU
		{19A31F23-ACB3-459D-A30D-12217008BDE4}.EasyTest|Any CPU.ActiveCfg = Release|Any CPU
		{19A31F23-ACB3-459D-A30D-12217008BDE4}.EasyTest|Any CPU.Build.0 = Release|Any CPU
		{19A31F23-ACB3-459D-A30D-12217008BDE4}.Release|Any CPU.ActiveCfg = Release|Any CPU
		{19A31F23-ACB3-459D-A30D-12217008BDE4}.Release|Any CPU.Build.0 = Release|Any CPU
		{744B16D3-DAC4-4D47-8B14-E8649046D63D}.Debug|Any CPU.ActiveCfg = Debug|Any CPU
		{744B16D3-DAC4-4D47-8B14-E8649046D63D}.Debug|Any CPU.Build.0 = Debug|Any CPU
		{744B16D3-DAC4-4D47-8B14-E8649046D63D}.EasyTest|Any CPU.ActiveCfg = Release|Any CPU
		{744B16D3-DAC4-4D47-8B14-E8649046D63D}.EasyTest|Any CPU.Build.0 = Release|Any CPU
		{744B16D3-DAC4-4D47-8B14-E8649046D63D}.Release|Any CPU.ActiveCfg = Release|Any CPU
		{744B16D3-DAC4-4D47-8B14-E8649046D63D}.Release|Any CPU.Build.0 = Release|Any CPU
		{C61F316F-F7B1-4CFA-8D28-D4934819EDB4}.Debug|Any CPU.ActiveCfg = Debug|Any CPU
		{C61F316F-F7B1-4CFA-8D28-D4934819EDB4}.Debug|Any CPU.Build.0 = Debug|Any CPU
		{C61F316F-F7B1-4CFA-8D28-D4934819EDB4}.EasyTest|Any CPU.ActiveCfg = EasyTest|Any CPU
		{C61F316F-F7B1-4CFA-8D28-D4934819EDB4}.EasyTest|Any CPU.Build.0 = EasyTest|Any CPU
		{C61F316F-F7B1-4CFA-8D28-D4934819EDB4}.Release|Any CPU.ActiveCfg = Release|Any CPU
		{C61F316F-F7B1-4CFA-8D28-D4934819EDB4}.Release|Any CPU.Build.0 = Release|Any CPU
		{F53396DE-C114-4145-B18D-6657870EEBBF}.Debug|Any CPU.ActiveCfg = Debug|Any CPU
		{F53396DE-C114-4145-B18D-6657870EEBBF}.Debug|Any CPU.Build.0 = Debug|Any CPU
		{F53396DE-C114-4145-B18D-6657870EEBBF}.EasyTest|Any CPU.ActiveCfg = EasyTest|Any CPU
		{F53396DE-C114-4145-B18D-6657870EEBBF}.EasyTest|Any CPU.Build.0 = EasyTest|Any CPU
		{F53396DE-C114-4145-B18D-6657870EEBBF}.Release|Any CPU.ActiveCfg = Release|Any CPU
		{F53396DE-C114-4145-B18D-6657870EEBBF}.Release|Any CPU.Build.0 = Release|Any CPU
		{AAC14DA2-5446-44AB-AF53-E9FC09A8DA7C}.Debug|Any CPU.ActiveCfg = Debug|Any CPU
		{AAC14DA2-5446-44AB-AF53-E9FC09A8DA7C}.Debug|Any CPU.Build.0 = Debug|Any CPU
		{AAC14DA2-5446-44AB-AF53-E9FC09A8DA7C}.EasyTest|Any CPU.ActiveCfg = EasyTest|Any CPU
		{AAC14DA2-5446-44AB-AF53-E9FC09A8DA7C}.EasyTest|Any CPU.Build.0 = EasyTest|Any CPU
		{AAC14DA2-5446-44AB-AF53-E9FC09A8DA7C}.Release|Any CPU.ActiveCfg = Release|Any CPU
		{AAC14DA2-5446-44AB-AF53-E9FC09A8DA7C}.Release|Any CPU.Build.0 = Release|Any CPU
		{7E0212DE-7D9F-4E9C-8CF5-0B7085A4E387}.Debug|Any CPU.ActiveCfg = Debug|Any CPU
		{7E0212DE-7D9F-4E9C-8CF5-0B7085A4E387}.Debug|Any CPU.Build.0 = Debug|Any CPU
		{7E0212DE-7D9F-4E9C-8CF5-0B7085A4E387}.EasyTest|Any CPU.ActiveCfg = EasyTest|Any CPU
		{7E0212DE-7D9F-4E9C-8CF5-0B7085A4E387}.EasyTest|Any CPU.Build.0 = EasyTest|Any CPU
		{7E0212DE-7D9F-4E9C-8CF5-0B7085A4E387}.Release|Any CPU.ActiveCfg = Release|Any CPU
		{7E0212DE-7D9F-4E9C-8CF5-0B7085A4E387}.Release|Any CPU.Build.0 = Release|Any CPU
	EndGlobalSection
	GlobalSection(SolutionProperties) = preSolution
		HideSolutionNode = FALSE
	EndGlobalSection
	GlobalSection(NestedProjects) = preSolution
		{84178EFE-9FA0-429D-B004-EF824B64BCAE} = {5ED276C4-EEE7-4D39-BE95-E66AE9883697}
		{A668EF27-34FE-450E-8C2A-708A73F4EB62} = {5ED276C4-EEE7-4D39-BE95-E66AE9883697}
		{BB175878-5EA0-43C6-82F7-2712ED3668B9} = {5ED276C4-EEE7-4D39-BE95-E66AE9883697}
		{47E7C9EB-060C-467D-A283-2E18BE7888AB} = {B0DCE288-08FB-4E65-9C03-A30F2509C174}
		{19A31F23-ACB3-459D-A30D-12217008BDE4} = {B0DCE288-08FB-4E65-9C03-A30F2509C174}
		{744B16D3-DAC4-4D47-8B14-E8649046D63D} = {B0DCE288-08FB-4E65-9C03-A30F2509C174}
		{B0DCE288-08FB-4E65-9C03-A30F2509C174} = {EC91C605-2D9E-4B21-B8C4-697D5DD67558}
		{BD864C1D-7140-4456-A749-765456BBB29C} = {EC91C605-2D9E-4B21-B8C4-697D5DD67558}
		{C61F316F-F7B1-4CFA-8D28-D4934819EDB4} = {BD864C1D-7140-4456-A749-765456BBB29C}
		{F53396DE-C114-4145-B18D-6657870EEBBF} = {BD864C1D-7140-4456-A749-765456BBB29C}
		{AAC14DA2-5446-44AB-AF53-E9FC09A8DA7C} = {BD864C1D-7140-4456-A749-765456BBB29C}
		{7E0212DE-7D9F-4E9C-8CF5-0B7085A4E387} = {BD864C1D-7140-4456-A749-765456BBB29C}
	EndGlobalSection
	GlobalSection(ExtensibilityGlobals) = postSolution
		SolutionGuid = {EE08AF3D-CDD7-405B-AD2D-B0D54AC6569E}
	EndGlobalSection
EndGlobal
